// !$*UTF8*$!
{
	archiveVersion = 1;
	classes = {
	};
	objectVersion = 51;
	objects = {

/* Begin PBXBuildFile section */
		0402C8882375B73C001CD3D0 /* MapViewController.swift in Sources */ = {isa = PBXBuildFile; fileRef = 0402C8872375B73C001CD3D0 /* MapViewController.swift */; };
		0440D031235203FD00831AE5 /* StorageManager.swift in Sources */ = {isa = PBXBuildFile; fileRef = 0440D030235203FD00831AE5 /* StorageManager.swift */; };
		046252712348AD390018A7CF /* CustomTableViewCell.swift in Sources */ = {isa = PBXBuildFile; fileRef = 046252702348AD390018A7CF /* CustomTableViewCell.swift */; };
		0491DDE32360BF5E00623CA2 /* RatingControl.swift in Sources */ = {isa = PBXBuildFile; fileRef = 0491DDE22360BF5E00623CA2 /* RatingControl.swift */; };
		049504782348BD7B0076CB17 /* PlaceModel.swift in Sources */ = {isa = PBXBuildFile; fileRef = 049504772348BD7B0076CB17 /* PlaceModel.swift */; };
		04AE93A623391FB50045102F /* AppDelegate.swift in Sources */ = {isa = PBXBuildFile; fileRef = 04AE93A523391FB50045102F /* AppDelegate.swift */; };
		04AE93AB23391FB50045102F /* Main.storyboard in Resources */ = {isa = PBXBuildFile; fileRef = 04AE93A923391FB50045102F /* Main.storyboard */; };
		04AE93AD23391FB50045102F /* Assets.xcassets in Resources */ = {isa = PBXBuildFile; fileRef = 04AE93AC23391FB50045102F /* Assets.xcassets */; };
		04AE93B023391FB50045102F /* LaunchScreen.storyboard in Resources */ = {isa = PBXBuildFile; fileRef = 04AE93AE23391FB50045102F /* LaunchScreen.storyboard */; };
		04AE93BC233927230045102F /* TableViewController.swift in Sources */ = {isa = PBXBuildFile; fileRef = 04AE93BB233927230045102F /* TableViewController.swift */; };
		04B02A382348EACE006C3D65 /* NewPlaceViewController.swift in Sources */ = {isa = PBXBuildFile; fileRef = 04B02A372348EACE006C3D65 /* NewPlaceViewController.swift */; };
		04EE5D70237B172500AA4DF0 /* MapManager.swift in Sources */ = {isa = PBXBuildFile; fileRef = 04EE5D6F237B172500AA4DF0 /* MapManager.swift */; };
		F024B99DDA530B7D0DDDF67F /* Pods_MyPlaces.framework in Frameworks */ = {isa = PBXBuildFile; fileRef = 60F3AAA4E5A81A6D5F288F82 /* Pods_MyPlaces.framework */; };
/* End PBXBuildFile section */

/* Begin PBXFileReference section */
		0402C8872375B73C001CD3D0 /* MapViewController.swift */ = {isa = PBXFileReference; lastKnownFileType = sourcecode.swift; path = MapViewController.swift; sourceTree = "<group>"; };
		0440D030235203FD00831AE5 /* StorageManager.swift */ = {isa = PBXFileReference; lastKnownFileType = sourcecode.swift; path = StorageManager.swift; sourceTree = "<group>"; };
		046252702348AD390018A7CF /* CustomTableViewCell.swift */ = {isa = PBXFileReference; lastKnownFileType = sourcecode.swift; path = CustomTableViewCell.swift; sourceTree = "<group>"; };
		0491DDE22360BF5E00623CA2 /* RatingControl.swift */ = {isa = PBXFileReference; lastKnownFileType = sourcecode.swift; path = RatingControl.swift; sourceTree = "<group>"; };
		049504772348BD7B0076CB17 /* PlaceModel.swift */ = {isa = PBXFileReference; lastKnownFileType = sourcecode.swift; path = PlaceModel.swift; sourceTree = "<group>"; };
		04AE93A223391FB50045102F /* MyPlaces.app */ = {isa = PBXFileReference; explicitFileType = wrapper.application; includeInIndex = 0; path = MyPlaces.app; sourceTree = BUILT_PRODUCTS_DIR; };
		04AE93A523391FB50045102F /* AppDelegate.swift */ = {isa = PBXFileReference; lastKnownFileType = sourcecode.swift; path = AppDelegate.swift; sourceTree = "<group>"; };
		04AE93AA23391FB50045102F /* Base */ = {isa = PBXFileReference; lastKnownFileType = file.storyboard; name = Base; path = Base.lproj/Main.storyboard; sourceTree = "<group>"; };
		04AE93AC23391FB50045102F /* Assets.xcassets */ = {isa = PBXFileReference; lastKnownFileType = folder.assetcatalog; path = Assets.xcassets; sourceTree = "<group>"; };
		04AE93AF23391FB50045102F /* Base */ = {isa = PBXFileReference; lastKnownFileType = file.storyboard; name = Base; path = Base.lproj/LaunchScreen.storyboard; sourceTree = "<group>"; };
		04AE93B123391FB50045102F /* Info.plist */ = {isa = PBXFileReference; lastKnownFileType = text.plist.xml; path = Info.plist; sourceTree = "<group>"; };
		04AE93BB233927230045102F /* TableViewController.swift */ = {isa = PBXFileReference; lastKnownFileType = sourcecode.swift; path = TableViewController.swift; sourceTree = "<group>"; };
		04B02A372348EACE006C3D65 /* NewPlaceViewController.swift */ = {isa = PBXFileReference; lastKnownFileType = sourcecode.swift; path = NewPlaceViewController.swift; sourceTree = "<group>"; };
		04EE5D6F237B172500AA4DF0 /* MapManager.swift */ = {isa = PBXFileReference; lastKnownFileType = sourcecode.swift; path = MapManager.swift; sourceTree = "<group>"; };
		60F3AAA4E5A81A6D5F288F82 /* Pods_MyPlaces.framework */ = {isa = PBXFileReference; explicitFileType = wrapper.framework; includeInIndex = 0; path = Pods_MyPlaces.framework; sourceTree = BUILT_PRODUCTS_DIR; };
		A1C1715AD5D4184743360D39 /* Pods-MyPlaces.release.xcconfig */ = {isa = PBXFileReference; includeInIndex = 1; lastKnownFileType = text.xcconfig; name = "Pods-MyPlaces.release.xcconfig"; path = "Target Support Files/Pods-MyPlaces/Pods-MyPlaces.release.xcconfig"; sourceTree = "<group>"; };
		F9E2E3A29A9C2493DD6BDA31 /* Pods-MyPlaces.debug.xcconfig */ = {isa = PBXFileReference; includeInIndex = 1; lastKnownFileType = text.xcconfig; name = "Pods-MyPlaces.debug.xcconfig"; path = "Target Support Files/Pods-MyPlaces/Pods-MyPlaces.debug.xcconfig"; sourceTree = "<group>"; };
/* End PBXFileReference section */

/* Begin PBXFrameworksBuildPhase section */
		04AE939F23391FB50045102F /* Frameworks */ = {
			isa = PBXFrameworksBuildPhase;
			buildActionMask = 2147483647;
			files = (
				F024B99DDA530B7D0DDDF67F /* Pods_MyPlaces.framework in Frameworks */,
			);
			runOnlyForDeploymentPostprocessing = 0;
		};
/* End PBXFrameworksBuildPhase section */

/* Begin PBXGroup section */
		04AE939923391FB40045102F = {
			isa = PBXGroup;
			children = (
				04AE93A423391FB50045102F /* MyPlaces */,
				04AE93A323391FB50045102F /* Products */,
				25841F2CBEA2BA427808686A /* Pods */,
				0DD1A604D1762028776E73A0 /* Frameworks */,
			);
			sourceTree = "<group>";
		};
		04AE93A323391FB50045102F /* Products */ = {
			isa = PBXGroup;
			children = (
				04AE93A223391FB50045102F /* MyPlaces.app */,
			);
			name = Products;
			sourceTree = "<group>";
		};
		04AE93A423391FB50045102F /* MyPlaces */ = {
			isa = PBXGroup;
			children = (
				04EE5D71237B20DB00AA4DF0 /* ViewControllers */,
				04EE5D73237B211300AA4DF0 /* Helpers */,
				04EE5D72237B210400AA4DF0 /* Models */,
				04EE5D74237B212600AA4DF0 /* Support Fiels */,
				04EE5D75237B213C00AA4DF0 /* IBuilder */,
			);
			path = MyPlaces;
			sourceTree = "<group>";
		};
		04EE5D71237B20DB00AA4DF0 /* ViewControllers */ = {
			isa = PBXGroup;
			children = (
				04AE93BB233927230045102F /* TableViewController.swift */,
				04B02A372348EACE006C3D65 /* NewPlaceViewController.swift */,
				0402C8872375B73C001CD3D0 /* MapViewController.swift */,
				046252702348AD390018A7CF /* CustomTableViewCell.swift */,
			);
			path = ViewControllers;
			sourceTree = "<group>";
		};
		04EE5D72237B210400AA4DF0 /* Models */ = {
			isa = PBXGroup;
			children = (
				049504772348BD7B0076CB17 /* PlaceModel.swift */,
			);
			path = Models;
			sourceTree = "<group>";
		};
		04EE5D73237B211300AA4DF0 /* Helpers */ = {
			isa = PBXGroup;
			children = (
				04EE5D6F237B172500AA4DF0 /* MapManager.swift */,
				0440D030235203FD00831AE5 /* StorageManager.swift */,
				0491DDE22360BF5E00623CA2 /* RatingControl.swift */,
			);
			path = Helpers;
			sourceTree = "<group>";
		};
		04EE5D74237B212600AA4DF0 /* Support Fiels */ = {
			isa = PBXGroup;
			children = (
				04AE93AC23391FB50045102F /* Assets.xcassets */,
				04AE93A523391FB50045102F /* AppDelegate.swift */,
				04AE93B123391FB50045102F /* Info.plist */,
			);
			path = "Support Fiels";
			sourceTree = "<group>";
		};
		04EE5D75237B213C00AA4DF0 /* IBuilder */ = {
			isa = PBXGroup;
			children = (
				04AE93A923391FB50045102F /* Main.storyboard */,
				04AE93AE23391FB50045102F /* LaunchScreen.storyboard */,
			);
			path = IBuilder;
			sourceTree = "<group>";
		};
		0DD1A604D1762028776E73A0 /* Frameworks */ = {
			isa = PBXGroup;
			children = (
				60F3AAA4E5A81A6D5F288F82 /* Pods_MyPlaces.framework */,
			);
			name = Frameworks;
			sourceTree = "<group>";
		};
		25841F2CBEA2BA427808686A /* Pods */ = {
			isa = PBXGroup;
			children = (
				F9E2E3A29A9C2493DD6BDA31 /* Pods-MyPlaces.debug.xcconfig */,
				A1C1715AD5D4184743360D39 /* Pods-MyPlaces.release.xcconfig */,
			);
			path = Pods;
			sourceTree = "<group>";
		};
/* End PBXGroup section */

/* Begin PBXNativeTarget section */
		04AE93A123391FB50045102F /* MyPlaces */ = {
			isa = PBXNativeTarget;
			buildConfigurationList = 04AE93B423391FB50045102F /* Build configuration list for PBXNativeTarget "MyPlaces" */;
			buildPhases = (
				C75B6A3302717845B77F2879 /* [CP] Check Pods Manifest.lock */,
				04AE939E23391FB50045102F /* Sources */,
				04AE939F23391FB50045102F /* Frameworks */,
				04AE93A023391FB50045102F /* Resources */,
				3118605D8A015A31F8391837 /* [CP] Embed Pods Frameworks */,
			);
			buildRules = (
			);
			dependencies = (
			);
			name = MyPlaces;
			productName = MyPlaces;
			productReference = 04AE93A223391FB50045102F /* MyPlaces.app */;
			productType = "com.apple.product-type.application";
		};
/* End PBXNativeTarget section */

/* Begin PBXProject section */
		04AE939A23391FB40045102F /* Project object */ = {
			isa = PBXProject;
			attributes = {
				LastSwiftUpdateCheck = 1030;
				LastUpgradeCheck = 1030;
				ORGANIZATIONNAME = "Alex Kiritsa";
				TargetAttributes = {
					04AE93A123391FB50045102F = {
						CreatedOnToolsVersion = 10.3;
					};
				};
			};
			buildConfigurationList = 04AE939D23391FB40045102F /* Build configuration list for PBXProject "MyPlaces" */;
			compatibilityVersion = "Xcode 9.3";
			developmentRegion = en;
			hasScannedForEncodings = 0;
			knownRegions = (
				en,
				Base,
			);
			mainGroup = 04AE939923391FB40045102F;
			productRefGroup = 04AE93A323391FB50045102F /* Products */;
			projectDirPath = "";
			projectRoot = "";
			targets = (
				04AE93A123391FB50045102F /* MyPlaces */,
			);
		};
/* End PBXProject section */

/* Begin PBXResourcesBuildPhase section */
		04AE93A023391FB50045102F /* Resources */ = {
			isa = PBXResourcesBuildPhase;
			buildActionMask = 2147483647;
			files = (
				04AE93B023391FB50045102F /* LaunchScreen.storyboard in Resources */,
				04AE93AD23391FB50045102F /* Assets.xcassets in Resources */,
				04AE93AB23391FB50045102F /* Main.storyboard in Resources */,
			);
			runOnlyForDeploymentPostprocessing = 0;
		};
/* End PBXResourcesBuildPhase section */

/* Begin PBXShellScriptBuildPhase section */
		3118605D8A015A31F8391837 /* [CP] Embed Pods Frameworks */ = {
			isa = PBXShellScriptBuildPhase;
			buildActionMask = 2147483647;
			files = (
			);
			inputFileListPaths = (
				"${PODS_ROOT}/Target Support Files/Pods-MyPlaces/Pods-MyPlaces-frameworks-${CONFIGURATION}-input-files.xcfilelist",
			);
			name = "[CP] Embed Pods Frameworks";
			outputFileListPaths = (
				"${PODS_ROOT}/Target Support Files/Pods-MyPlaces/Pods-MyPlaces-frameworks-${CONFIGURATION}-output-files.xcfilelist",
			);
			runOnlyForDeploymentPostprocessing = 0;
			shellPath = /bin/sh;
			shellScript = "\"${PODS_ROOT}/Target Support Files/Pods-MyPlaces/Pods-MyPlaces-frameworks.sh\"\n";
			showEnvVarsInLog = 0;
		};
		C75B6A3302717845B77F2879 /* [CP] Check Pods Manifest.lock */ = {
			isa = PBXShellScriptBuildPhase;
			buildActionMask = 2147483647;
			files = (
			);
			inputFileListPaths = (
			);
			inputPaths = (
				"${PODS_PODFILE_DIR_PATH}/Podfile.lock",
				"${PODS_ROOT}/Manifest.lock",
			);
			name = "[CP] Check Pods Manifest.lock";
			outputFileListPaths = (
			);
			outputPaths = (
				"$(DERIVED_FILE_DIR)/Pods-MyPlaces-checkManifestLockResult.txt",
			);
			runOnlyForDeploymentPostprocessing = 0;
			shellPath = /bin/sh;
			shellScript = "diff \"${PODS_PODFILE_DIR_PATH}/Podfile.lock\" \"${PODS_ROOT}/Manifest.lock\" > /dev/null\nif [ $? != 0 ] ; then\n    # print error to STDERR\n    echo \"error: The sandbox is not in sync with the Podfile.lock. Run 'pod install' or update your CocoaPods installation.\" >&2\n    exit 1\nfi\n# This output is used by Xcode 'outputs' to avoid re-running this script phase.\necho \"SUCCESS\" > \"${SCRIPT_OUTPUT_FILE_0}\"\n";
			showEnvVarsInLog = 0;
		};
/* End PBXShellScriptBuildPhase section */

/* Begin PBXSourcesBuildPhase section */
		04AE939E23391FB50045102F /* Sources */ = {
			isa = PBXSourcesBuildPhase;
			buildActionMask = 2147483647;
			files = (
				0491DDE32360BF5E00623CA2 /* RatingControl.swift in Sources */,
				046252712348AD390018A7CF /* CustomTableViewCell.swift in Sources */,
				049504782348BD7B0076CB17 /* PlaceModel.swift in Sources */,
				04B02A382348EACE006C3D65 /* NewPlaceViewController.swift in Sources */,
				04EE5D70237B172500AA4DF0 /* MapManager.swift in Sources */,
				0440D031235203FD00831AE5 /* StorageManager.swift in Sources */,
				04AE93A623391FB50045102F /* AppDelegate.swift in Sources */,
				04AE93BC233927230045102F /* TableViewController.swift in Sources */,
				0402C8882375B73C001CD3D0 /* MapViewController.swift in Sources */,
			);
			runOnlyForDeploymentPostprocessing = 0;
		};
/* End PBXSourcesBuildPhase section */

/* Begin PBXVariantGroup section */
		04AE93A923391FB50045102F /* Main.storyboard */ = {
			isa = PBXVariantGroup;
			children = (
				04AE93AA23391FB50045102F /* Base */,
			);
			name = Main.storyboard;
			sourceTree = "<group>";
		};
		04AE93AE23391FB50045102F /* LaunchScreen.storyboard */ = {
			isa = PBXVariantGroup;
			children = (
				04AE93AF23391FB50045102F /* Base */,
			);
			name = LaunchScreen.storyboard;
			sourceTree = "<group>";
		};
/* End PBXVariantGroup section */

/* Begin XCBuildConfiguration section */
		04AE93B223391FB50045102F /* Debug */ = {
			isa = XCBuildConfiguration;
			buildSettings = {
				ALWAYS_SEARCH_USER_PATHS = NO;
				CLANG_ANALYZER_NONNULL = YES;
				CLANG_ANALYZER_NUMBER_OBJECT_CONVERSION = YES_AGGRESSIVE;
				CLANG_CXX_LANGUAGE_STANDARD = "gnu++14";
				CLANG_CXX_LIBRARY = "libc++";
				CLANG_ENABLE_MODULES = YES;
				CLANG_ENABLE_OBJC_ARC = YES;
				CLANG_ENABLE_OBJC_WEAK = YES;
				CLANG_WARN_BLOCK_CAPTURE_AUTORELEASING = YES;
				CLANG_WARN_BOOL_CONVERSION = YES;
				CLANG_WARN_COMMA = YES;
				CLANG_WARN_CONSTANT_CONVERSION = YES;
				CLANG_WARN_DEPRECATED_OBJC_IMPLEMENTATIONS = YES;
				CLANG_WARN_DIRECT_OBJC_ISA_USAGE = YES_ERROR;
				CLANG_WARN_DOCUMENTATION_COMMENTS = YES;
				CLANG_WARN_EMPTY_BODY = YES;
				CLANG_WARN_ENUM_CONVERSION = YES;
				CLANG_WARN_INFINITE_RECURSION = YES;
				CLANG_WARN_INT_CONVERSION = YES;
				CLANG_WARN_NON_LITERAL_NULL_CONVERSION = YES;
				CLANG_WARN_OBJC_IMPLICIT_RETAIN_SELF = YES;
				CLANG_WARN_OBJC_LITERAL_CONVERSION = YES;
				CLANG_WARN_OBJC_ROOT_CLASS = YES_ERROR;
				CLANG_WARN_RANGE_LOOP_ANALYSIS = YES;
				CLANG_WARN_STRICT_PROTOTYPES = YES;
				CLANG_WARN_SUSPICIOUS_MOVE = YES;
				CLANG_WARN_UNGUARDED_AVAILABILITY = YES_AGGRESSIVE;
				CLANG_WARN_UNREACHABLE_CODE = YES;
				CLANG_WARN__DUPLICATE_METHOD_MATCH = YES;
				CODE_SIGN_IDENTITY = "iPhone Developer";
				COPY_PHASE_STRIP = NO;
				DEBUG_INFORMATION_FORMAT = dwarf;
				ENABLE_STRICT_OBJC_MSGSEND = YES;
				ENABLE_TESTABILITY = YES;
				GCC_C_LANGUAGE_STANDARD = gnu11;
				GCC_DYNAMIC_NO_PIC = NO;
				GCC_NO_COMMON_BLOCKS = YES;
				GCC_OPTIMIZATION_LEVEL = 0;
				GCC_PREPROCESSOR_DEFINITIONS = (
					"DEBUG=1",
					"$(inherited)",
				);
				GCC_WARN_64_TO_32_BIT_CONVERSION = YES;
				GCC_WARN_ABOUT_RETURN_TYPE = YES_ERROR;
				GCC_WARN_UNDECLARED_SELECTOR = YES;
				GCC_WARN_UNINITIALIZED_AUTOS = YES_AGGRESSIVE;
				GCC_WARN_UNUSED_FUNCTION = YES;
				GCC_WARN_UNUSED_VARIABLE = YES;
				IPHONEOS_DEPLOYMENT_TARGET = 12.4;
				MTL_ENABLE_DEBUG_INFO = INCLUDE_SOURCE;
				MTL_FAST_MATH = YES;
				ONLY_ACTIVE_ARCH = YES;
				SDKROOT = iphoneos;
				SWIFT_ACTIVE_COMPILATION_CONDITIONS = DEBUG;
				SWIFT_OPTIMIZATION_LEVEL = "-Onone";
			};
			name = Debug;
		};
		04AE93B323391FB50045102F /* Release */ = {
			isa = XCBuildConfiguration;
			buildSettings = {
				ALWAYS_SEARCH_USER_PATHS = NO;
				CLANG_ANALYZER_NONNULL = YES;
				CLANG_ANALYZER_NUMBER_OBJECT_CONVERSION = YES_AGGRESSIVE;
				CLANG_CXX_LANGUAGE_STANDARD = "gnu++14";
				CLANG_CXX_LIBRARY = "libc++";
				CLANG_ENABLE_MODULES = YES;
				CLANG_ENABLE_OBJC_ARC = YES;
				CLANG_ENABLE_OBJC_WEAK = YES;
				CLANG_WARN_BLOCK_CAPTURE_AUTORELEASING = YES;
				CLANG_WARN_BOOL_CONVERSION = YES;
				CLANG_WARN_COMMA = YES;
				CLANG_WARN_CONSTANT_CONVERSION = YES;
				CLANG_WARN_DEPRECATED_OBJC_IMPLEMENTATIONS = YES;
				CLANG_WARN_DIRECT_OBJC_ISA_USAGE = YES_ERROR;
				CLANG_WARN_DOCUMENTATION_COMMENTS = YES;
				CLANG_WARN_EMPTY_BODY = YES;
				CLANG_WARN_ENUM_CONVERSION = YES;
				CLANG_WARN_INFINITE_RECURSION = YES;
				CLANG_WARN_INT_CONVERSION = YES;
				CLANG_WARN_NON_LITERAL_NULL_CONVERSION = YES;
				CLANG_WARN_OBJC_IMPLICIT_RETAIN_SELF = YES;
				CLANG_WARN_OBJC_LITERAL_CONVERSION = YES;
				CLANG_WARN_OBJC_ROOT_CLASS = YES_ERROR;
				CLANG_WARN_RANGE_LOOP_ANALYSIS = YES;
				CLANG_WARN_STRICT_PROTOTYPES = YES;
				CLANG_WARN_SUSPICIOUS_MOVE = YES;
				CLANG_WARN_UNGUARDED_AVAILABILITY = YES_AGGRESSIVE;
				CLANG_WARN_UNREACHABLE_CODE = YES;
				CLANG_WARN__DUPLICATE_METHOD_MATCH = YES;
				CODE_SIGN_IDENTITY = "iPhone Developer";
				COPY_PHASE_STRIP = NO;
				DEBUG_INFORMATION_FORMAT = "dwarf-with-dsym";
				ENABLE_NS_ASSERTIONS = NO;
				ENABLE_STRICT_OBJC_MSGSEND = YES;
				GCC_C_LANGUAGE_STANDARD = gnu11;
				GCC_NO_COMMON_BLOCKS = YES;
				GCC_WARN_64_TO_32_BIT_CONVERSION = YES;
				GCC_WARN_ABOUT_RETURN_TYPE = YES_ERROR;
				GCC_WARN_UNDECLARED_SELECTOR = YES;
				GCC_WARN_UNINITIALIZED_AUTOS = YES_AGGRESSIVE;
				GCC_WARN_UNUSED_FUNCTION = YES;
				GCC_WARN_UNUSED_VARIABLE = YES;
				IPHONEOS_DEPLOYMENT_TARGET = 12.4;
				MTL_ENABLE_DEBUG_INFO = NO;
				MTL_FAST_MATH = YES;
				SDKROOT = iphoneos;
				SWIFT_COMPILATION_MODE = wholemodule;
				SWIFT_OPTIMIZATION_LEVEL = "-O";
				VALIDATE_PRODUCT = YES;
			};
			name = Release;
		};
		04AE93B523391FB50045102F /* Debug */ = {
			isa = XCBuildConfiguration;
			baseConfigurationReference = F9E2E3A29A9C2493DD6BDA31 /* Pods-MyPlaces.debug.xcconfig */;
			buildSettings = {
				ASSETCATALOG_COMPILER_APPICON_NAME = AppIcon;
				CODE_SIGN_STYLE = Automatic;
				DEVELOPMENT_TEAM = 5UW52T8C97;
				INFOPLIST_FILE = "$(SRCROOT)/MyPlaces/Support Fiels/Info.plist";
				LD_RUNPATH_SEARCH_PATHS = (
					"$(inherited)",
					"@executable_path/Frameworks",
				);
				PRODUCT_BUNDLE_IDENTIFIER = AlexKiritsa.MyPlaces;
				PRODUCT_NAME = "$(TARGET_NAME)";
				SWIFT_VERSION = 5.0;
				TARGETED_DEVICE_FAMILY = "1,2";
			};
			name = Debug;
		};
		04AE93B623391FB50045102F /* Release */ = {
			isa = XCBuildConfiguration;
			baseConfigurationReference = A1C1715AD5D4184743360D39 /* Pods-MyPlaces.release.xcconfig */;
			buildSettings = {
				ASSETCATALOG_COMPILER_APPICON_NAME = AppIcon;
				CODE_SIGN_STYLE = Automatic;
				DEVELOPMENT_TEAM = 5UW52T8C97;
				INFOPLIST_FILE = "$(SRCROOT)/MyPlaces/Support Fiels/Info.plist";
				LD_RUNPATH_SEARCH_PATHS = (
					"$(inherited)",
					"@executable_path/Frameworks",
				);
				PRODUCT_BUNDLE_IDENTIFIER = AlexKiritsa.MyPlaces;
				PRODUCT_NAME = "$(TARGET_NAME)";
				SWIFT_VERSION = 5.0;
				TARGETED_DEVICE_FAMILY = "1,2";
			};
			name = Release;
		};
/* End XCBuildConfiguration section */

/* Begin XCConfigurationList section */
		04AE939D23391FB40045102F /* Build configuration list for PBXProject "MyPlaces" */ = {
			isa = XCConfigurationList;
			buildConfigurations = (
				04AE93B223391FB50045102F /* Debug */,
				04AE93B323391FB50045102F /* Release */,
			);
			defaultConfigurationIsVisible = 0;
			defaultConfigurationName = Release;
		};
		04AE93B423391FB50045102F /* Build configuration list for PBXNativeTarget "MyPlaces" */ = {
			isa = XCConfigurationList;
			buildConfigurations = (
				04AE93B523391FB50045102F /* Debug */,
				04AE93B623391FB50045102F /* Release */,
			);
			defaultConfigurationIsVisible = 0;
			defaultConfigurationName = Release;
		};
/* End XCConfigurationList section */
	};
	rootObject = 04AE939A23391FB40045102F /* Project object */;
}
